
Microsoft Visual Studio Solution File, Format Version 12.00
# Visual Studio 2013
VisualStudioVersion = 12.0.40629.0
MinimumVisualStudioVersion = 10.0.40219.1
Project("{FAE04EC0-301F-11D3-BF4B-00C04F79EFBC}") = "DataStructures", "DataStructures\DataStructures.csproj", "{4DF0932D-A1A1-4F62-95B3-CB61B5296B5B}"
EndProject
Project("{FAE04EC0-301F-11D3-BF4B-00C04F79EFBC}") = "AmazonBoxesTest", "AmazonBoxesTest\AmazonBoxesTest.csproj", "{993416C0-3076-4E22-B6F7-43F55695F3E3}"
EndProject
Project("{FAE04EC0-301F-11D3-BF4B-00C04F79EFBC}") = "AmazonBoxes", "AmazonBoxes\AmazonBoxes.csproj", "{1FBB783D-0F83-4F56-AF0F-94B1AACC0101}"
EndProject
Global
	GlobalSection(SolutionConfigurationPlatforms) = preSolution
		Debug|Any CPU = Debug|Any CPU
		Release|Any CPU = Release|Any CPU
	EndGlobalSection
	GlobalSection(ProjectConfigurationPlatforms) = postSolution
		{4DF0932D-A1A1-4F62-95B3-CB61B5296B5B}.Debug|Any CPU.ActiveCfg = Debug|Any CPU
		{4DF0932D-A1A1-4F62-95B3-CB61B5296B5B}.Debug|Any CPU.Build.0 = Debug|Any CPU
		{4DF0932D-A1A1-4F62-95B3-CB61B5296B5B}.Release|Any CPU.ActiveCfg = Release|Any CPU
		{4DF0932D-A1A1-4F62-95B3-CB61B5296B5B}.Release|Any CPU.Build.0 = Release|Any CPU
		{993416C0-3076-4E22-B6F7-43F55695F3E3}.Debug|Any CPU.ActiveCfg = Debug|Any CPU
		{993416C0-3076-4E22-B6F7-43F55695F3E3}.Debug|Any CPU.Build.0 = Debug|Any CPU
		{993416C0-3076-4E22-B6F7-43F55695F3E3}.Release|Any CPU.ActiveCfg = Release|Any CPU
		{993416C0-3076-4E22-B6F7-43F55695F3E3}.Release|Any CPU.Build.0 = Release|Any CPU
		{1FBB783D-0F83-4F56-AF0F-94B1AACC0101}.Debug|Any CPU.ActiveCfg = Debug|Any CPU
		{1FBB783D-0F83-4F56-AF0F-94B1AACC0101}.Debug|Any CPU.Build.0 = Debug|Any CPU
		{1FBB783D-0F83-4F56-AF0F-94B1AACC0101}.Release|Any CPU.ActiveCfg = Release|Any CPU
		{1FBB783D-0F83-4F56-AF0F-94B1AACC0101}.Release|Any CPU.Build.0 = Release|Any CPU
	EndGlobalSection
	GlobalSection(SolutionProperties) = preSolution
		HideSolutionNode = FALSE
	EndGlobalSection
EndGlobal
