
Microsoft Visual Studio Solution File, Format Version 12.00
# Visual Studio 15
VisualStudioVersion = 15.0.28307.421
MinimumVisualStudioVersion = 10.0.40219.1
Project("{FAE04EC0-301F-11D3-BF4B-00C04F79EFBC}") = "ThomasMathLibTestsXUnit", "ThomasMath\ThomasMathLibTestsXUnit\ThomasMathLibTestsXUnit.csproj", "{9070D20B-040D-4922-850B-B42D796E2866}"
EndProject
Global
	GlobalSection(SolutionConfigurationPlatforms) = preSolution
		Debug|Any CPU = Debug|Any CPU
		Release|Any CPU = Release|Any CPU
	EndGlobalSection
	GlobalSection(ProjectConfigurationPlatforms) = postSolution
		{9070D20B-040D-4922-850B-B42D796E2866}.Debug|Any CPU.ActiveCfg = Debug|Any CPU
		{9070D20B-040D-4922-850B-B42D796E2866}.Debug|Any CPU.Build.0 = Debug|Any CPU
		{9070D20B-040D-4922-850B-B42D796E2866}.Release|Any CPU.ActiveCfg = Release|Any CPU
		{9070D20B-040D-4922-850B-B42D796E2866}.Release|Any CPU.Build.0 = Release|Any CPU
	EndGlobalSection
	GlobalSection(SolutionProperties) = preSolution
		HideSolutionNode = FALSE
	EndGlobalSection
	GlobalSection(ExtensibilityGlobals) = postSolution
		SolutionGuid = {E07C09D4-3611-4299-A7E8-0FD4A04E5357}
	EndGlobalSection
EndGlobal
