
Microsoft Visual Studio Solution File, Format Version 12.00
# Visual Studio Version 16
VisualStudioVersion = 16.0.29020.237
MinimumVisualStudioVersion = 10.0.40219.1
Project("{FAE04EC0-301F-11D3-BF4B-00C04F79EFBC}") = "SamuraiApp.Domain", "SamuraiApp.Domain\SamuraiApp.Domain.csproj", "{E9103AB5-D44D-4054-99DF-7B878D83A3FA}"
EndProject
Project("{FAE04EC0-301F-11D3-BF4B-00C04F79EFBC}") = "SamuraiApp.Data", "SamuraiApp.Data\SamuraiApp.Data.csproj", "{30F04B11-575A-4066-B9E0-6C68F7E6C3F8}"
EndProject
Project("{FAE04EC0-301F-11D3-BF4B-00C04F79EFBC}") = "SomeUI", "SomeUI\SomeUI.csproj", "{F790C608-44CF-4876-B77B-016FA1744642}"
EndProject
Global
	GlobalSection(SolutionConfigurationPlatforms) = preSolution
		Debug|Any CPU = Debug|Any CPU
		Release|Any CPU = Release|Any CPU
	EndGlobalSection
	GlobalSection(ProjectConfigurationPlatforms) = postSolution
		{E9103AB5-D44D-4054-99DF-7B878D83A3FA}.Debug|Any CPU.ActiveCfg = Debug|Any CPU
		{E9103AB5-D44D-4054-99DF-7B878D83A3FA}.Debug|Any CPU.Build.0 = Debug|Any CPU
		{E9103AB5-D44D-4054-99DF-7B878D83A3FA}.Release|Any CPU.ActiveCfg = Release|Any CPU
		{E9103AB5-D44D-4054-99DF-7B878D83A3FA}.Release|Any CPU.Build.0 = Release|Any CPU
		{30F04B11-575A-4066-B9E0-6C68F7E6C3F8}.Debug|Any CPU.ActiveCfg = Debug|Any CPU
		{30F04B11-575A-4066-B9E0-6C68F7E6C3F8}.Debug|Any CPU.Build.0 = Debug|Any CPU
		{30F04B11-575A-4066-B9E0-6C68F7E6C3F8}.Release|Any CPU.ActiveCfg = Release|Any CPU
		{30F04B11-575A-4066-B9E0-6C68F7E6C3F8}.Release|Any CPU.Build.0 = Release|Any CPU
		{F790C608-44CF-4876-B77B-016FA1744642}.Debug|Any CPU.ActiveCfg = Debug|Any CPU
		{F790C608-44CF-4876-B77B-016FA1744642}.Debug|Any CPU.Build.0 = Debug|Any CPU
		{F790C608-44CF-4876-B77B-016FA1744642}.Release|Any CPU.ActiveCfg = Release|Any CPU
		{F790C608-44CF-4876-B77B-016FA1744642}.Release|Any CPU.Build.0 = Release|Any CPU
	EndGlobalSection
	GlobalSection(SolutionProperties) = preSolution
		HideSolutionNode = FALSE
	EndGlobalSection
	GlobalSection(ExtensibilityGlobals) = postSolution
		SolutionGuid = {FC8BFA25-0745-4372-9766-C08F4E9C6750}
	EndGlobalSection
EndGlobal
