
Microsoft Visual Studio Solution File, Format Version 12.00
# Visual Studio 14
VisualStudioVersion = 14.0.25420.1
MinimumVisualStudioVersion = 10.0.40219.1
Project("{9092AA53-FB77-4645-B42D-1CCCA6BD08BD}") = "HelloWorld.js", "HelloWorld.js.njsproj", "{11CD0C0E-E30C-4620-8307-556BC47E9C9D}"
EndProject
Global
	GlobalSection(SolutionConfigurationPlatforms) = preSolution
		Debug|Any CPU = Debug|Any CPU
		Release|Any CPU = Release|Any CPU
	EndGlobalSection
	GlobalSection(ProjectConfigurationPlatforms) = postSolution
		{11CD0C0E-E30C-4620-8307-556BC47E9C9D}.Debug|Any CPU.ActiveCfg = Debug|Any CPU
		{11CD0C0E-E30C-4620-8307-556BC47E9C9D}.Debug|Any CPU.Build.0 = Debug|Any CPU
		{11CD0C0E-E30C-4620-8307-556BC47E9C9D}.Release|Any CPU.ActiveCfg = Release|Any CPU
		{11CD0C0E-E30C-4620-8307-556BC47E9C9D}.Release|Any CPU.Build.0 = Release|Any CPU
	EndGlobalSection
	GlobalSection(SolutionProperties) = preSolution
		HideSolutionNode = FALSE
	EndGlobalSection
EndGlobal
