
Microsoft Visual Studio Solution File, Format Version 12.00
# Visual Studio 14
VisualStudioVersion = 14.0.25420.1
MinimumVisualStudioVersion = 10.0.40219.1
Project("{FAE04EC0-301F-11D3-BF4B-00C04F79EFBC}") = "CSharp_in_Depth_Third_Edition", "CSharp_in_Depth_Third_Edition\CSharp_in_Depth_Third_Edition.csproj", "{B69521E6-A5E6-43ED-91E5-60E6F5FC423C}"
EndProject
Project("{FAE04EC0-301F-11D3-BF4B-00C04F79EFBC}") = "IllustratedWpf", "IllustratedWpf\IllustratedWpf.csproj", "{6C89FA72-4AA6-4AA4-8105-F78759320DBD}"
EndProject
Project("{FAE04EC0-301F-11D3-BF4B-00C04F79EFBC}") = "IllustratedWpfRich", "IllustratedWpfRich\IllustratedWpfRich.csproj", "{81ED11FD-A43B-40B2-A0CF-AF3E51AF7126}"
EndProject
Project("{FAE04EC0-301F-11D3-BF4B-00C04F79EFBC}") = "IllustratedWpfGrid", "IllustratedWpfGrid\IllustratedWpfGrid.csproj", "{E1491C1A-6C50-4793-B75F-63C0F14E81F8}"
EndProject
Project("{FAE04EC0-301F-11D3-BF4B-00C04F79EFBC}") = "WpfApplication1", "WpfApplication1\WpfApplication1\WpfApplication1.csproj", "{125833BF-2F7E-4490-84B4-EA9D993F278C}"
EndProject
Project("{FAE04EC0-301F-11D3-BF4B-00C04F79EFBC}") = "AsyncProgramming1", "AsyncProgramming1\AsyncProgramming1.csproj", "{01467E43-ED3E-4326-9ACE-F917132B3A3D}"
EndProject
Project("{FAE04EC0-301F-11D3-BF4B-00C04F79EFBC}") = "VisualCSharpRecipes", "VisualCSharpRecipes\VisualCSharpRecipes.csproj", "{E91DD046-29A6-48B2-A4C7-94EC20D7BC07}"
EndProject
Project("{FAE04EC0-301F-11D3-BF4B-00C04F79EFBC}") = "DependencyInjectionInNet", "DependencyInjectionInNet\DependencyInjectionInNet.csproj", "{044A1E4E-4E6A-45FE-A691-406C9BBB2D9F}"
EndProject
Project("{FAE04EC0-301F-11D3-BF4B-00C04F79EFBC}") = "GenericTesting", "GenericTesting\GenericTesting.csproj", "{FBB7CCFF-C116-46D3-BB51-FDF495468127}"
EndProject
Global
	GlobalSection(SolutionConfigurationPlatforms) = preSolution
		Debug|Any CPU = Debug|Any CPU
		Release|Any CPU = Release|Any CPU
	EndGlobalSection
	GlobalSection(ProjectConfigurationPlatforms) = postSolution
		{B69521E6-A5E6-43ED-91E5-60E6F5FC423C}.Debug|Any CPU.ActiveCfg = Debug|Any CPU
		{B69521E6-A5E6-43ED-91E5-60E6F5FC423C}.Debug|Any CPU.Build.0 = Debug|Any CPU
		{B69521E6-A5E6-43ED-91E5-60E6F5FC423C}.Release|Any CPU.ActiveCfg = Release|Any CPU
		{B69521E6-A5E6-43ED-91E5-60E6F5FC423C}.Release|Any CPU.Build.0 = Release|Any CPU
		{6C89FA72-4AA6-4AA4-8105-F78759320DBD}.Debug|Any CPU.ActiveCfg = Debug|Any CPU
		{6C89FA72-4AA6-4AA4-8105-F78759320DBD}.Debug|Any CPU.Build.0 = Debug|Any CPU
		{6C89FA72-4AA6-4AA4-8105-F78759320DBD}.Release|Any CPU.ActiveCfg = Release|Any CPU
		{6C89FA72-4AA6-4AA4-8105-F78759320DBD}.Release|Any CPU.Build.0 = Release|Any CPU
		{81ED11FD-A43B-40B2-A0CF-AF3E51AF7126}.Debug|Any CPU.ActiveCfg = Debug|Any CPU
		{81ED11FD-A43B-40B2-A0CF-AF3E51AF7126}.Debug|Any CPU.Build.0 = Debug|Any CPU
		{81ED11FD-A43B-40B2-A0CF-AF3E51AF7126}.Release|Any CPU.ActiveCfg = Release|Any CPU
		{81ED11FD-A43B-40B2-A0CF-AF3E51AF7126}.Release|Any CPU.Build.0 = Release|Any CPU
		{E1491C1A-6C50-4793-B75F-63C0F14E81F8}.Debug|Any CPU.ActiveCfg = Debug|Any CPU
		{E1491C1A-6C50-4793-B75F-63C0F14E81F8}.Debug|Any CPU.Build.0 = Debug|Any CPU
		{E1491C1A-6C50-4793-B75F-63C0F14E81F8}.Release|Any CPU.ActiveCfg = Release|Any CPU
		{E1491C1A-6C50-4793-B75F-63C0F14E81F8}.Release|Any CPU.Build.0 = Release|Any CPU
		{125833BF-2F7E-4490-84B4-EA9D993F278C}.Debug|Any CPU.ActiveCfg = Debug|Any CPU
		{125833BF-2F7E-4490-84B4-EA9D993F278C}.Debug|Any CPU.Build.0 = Debug|Any CPU
		{125833BF-2F7E-4490-84B4-EA9D993F278C}.Release|Any CPU.ActiveCfg = Release|Any CPU
		{125833BF-2F7E-4490-84B4-EA9D993F278C}.Release|Any CPU.Build.0 = Release|Any CPU
		{01467E43-ED3E-4326-9ACE-F917132B3A3D}.Debug|Any CPU.ActiveCfg = Debug|Any CPU
		{01467E43-ED3E-4326-9ACE-F917132B3A3D}.Debug|Any CPU.Build.0 = Debug|Any CPU
		{01467E43-ED3E-4326-9ACE-F917132B3A3D}.Release|Any CPU.ActiveCfg = Release|Any CPU
		{01467E43-ED3E-4326-9ACE-F917132B3A3D}.Release|Any CPU.Build.0 = Release|Any CPU
		{E91DD046-29A6-48B2-A4C7-94EC20D7BC07}.Debug|Any CPU.ActiveCfg = Debug|Any CPU
		{E91DD046-29A6-48B2-A4C7-94EC20D7BC07}.Debug|Any CPU.Build.0 = Debug|Any CPU
		{E91DD046-29A6-48B2-A4C7-94EC20D7BC07}.Release|Any CPU.ActiveCfg = Release|Any CPU
		{E91DD046-29A6-48B2-A4C7-94EC20D7BC07}.Release|Any CPU.Build.0 = Release|Any CPU
		{044A1E4E-4E6A-45FE-A691-406C9BBB2D9F}.Debug|Any CPU.ActiveCfg = Debug|Any CPU
		{044A1E4E-4E6A-45FE-A691-406C9BBB2D9F}.Debug|Any CPU.Build.0 = Debug|Any CPU
		{044A1E4E-4E6A-45FE-A691-406C9BBB2D9F}.Release|Any CPU.ActiveCfg = Release|Any CPU
		{044A1E4E-4E6A-45FE-A691-406C9BBB2D9F}.Release|Any CPU.Build.0 = Release|Any CPU
		{FBB7CCFF-C116-46D3-BB51-FDF495468127}.Debug|Any CPU.ActiveCfg = Debug|Any CPU
		{FBB7CCFF-C116-46D3-BB51-FDF495468127}.Debug|Any CPU.Build.0 = Debug|Any CPU
		{FBB7CCFF-C116-46D3-BB51-FDF495468127}.Release|Any CPU.ActiveCfg = Release|Any CPU
		{FBB7CCFF-C116-46D3-BB51-FDF495468127}.Release|Any CPU.Build.0 = Release|Any CPU
	EndGlobalSection
	GlobalSection(SolutionProperties) = preSolution
		HideSolutionNode = FALSE
	EndGlobalSection
EndGlobal
