
Microsoft Visual Studio Solution File, Format Version 12.00
# Visual Studio 14
VisualStudioVersion = 14.0.25420.1
MinimumVisualStudioVersion = 10.0.40219.1
Project("{9092AA53-FB77-4645-B42D-1CCCA6BD08BD}") = "random_story", "random_story.njsproj", "{575B69FA-F052-46C7-874B-64C6FCA83842}"
EndProject
Global
	GlobalSection(SolutionConfigurationPlatforms) = preSolution
		Debug|Any CPU = Debug|Any CPU
		Release|Any CPU = Release|Any CPU
	EndGlobalSection
	GlobalSection(ProjectConfigurationPlatforms) = postSolution
		{575B69FA-F052-46C7-874B-64C6FCA83842}.Debug|Any CPU.ActiveCfg = Debug|Any CPU
		{575B69FA-F052-46C7-874B-64C6FCA83842}.Debug|Any CPU.Build.0 = Debug|Any CPU
		{575B69FA-F052-46C7-874B-64C6FCA83842}.Release|Any CPU.ActiveCfg = Release|Any CPU
		{575B69FA-F052-46C7-874B-64C6FCA83842}.Release|Any CPU.Build.0 = Release|Any CPU
	EndGlobalSection
	GlobalSection(SolutionProperties) = preSolution
		HideSolutionNode = FALSE
	EndGlobalSection
EndGlobal
