
Microsoft Visual Studio Solution File, Format Version 12.00
# Visual Studio 14
VisualStudioVersion = 14.0.25420.1
MinimumVisualStudioVersion = 10.0.40219.1
Project("{9092AA53-FB77-4645-B42D-1CCCA6BD08BD}") = "word_count", "word_count.njsproj", "{E619F141-1A00-4D68-9DAE-A258689E31F9}"
EndProject
Global
	GlobalSection(SolutionConfigurationPlatforms) = preSolution
		Debug|Any CPU = Debug|Any CPU
		Release|Any CPU = Release|Any CPU
	EndGlobalSection
	GlobalSection(ProjectConfigurationPlatforms) = postSolution
		{E619F141-1A00-4D68-9DAE-A258689E31F9}.Debug|Any CPU.ActiveCfg = Debug|Any CPU
		{E619F141-1A00-4D68-9DAE-A258689E31F9}.Debug|Any CPU.Build.0 = Debug|Any CPU
		{E619F141-1A00-4D68-9DAE-A258689E31F9}.Release|Any CPU.ActiveCfg = Release|Any CPU
		{E619F141-1A00-4D68-9DAE-A258689E31F9}.Release|Any CPU.Build.0 = Release|Any CPU
	EndGlobalSection
	GlobalSection(SolutionProperties) = preSolution
		HideSolutionNode = FALSE
	EndGlobalSection
EndGlobal
