
Microsoft Visual Studio Solution File, Format Version 12.00
# Visual Studio 14
VisualStudioVersion = 14.0.25420.1
MinimumVisualStudioVersion = 10.0.40219.1
Project("{FAE04EC0-301F-11D3-BF4B-00C04F79EFBC}") = "AweshSqliteAndEf", "AweshSqliteAndEf\AweshSqliteAndEf.csproj", "{2F111836-6D20-4C99-956B-44E992545C8C}"
EndProject
Global
	GlobalSection(SolutionConfigurationPlatforms) = preSolution
		Debug|Any CPU = Debug|Any CPU
		Debug|x86 = Debug|x86
		Release|Any CPU = Release|Any CPU
		Release|x86 = Release|x86
	EndGlobalSection
	GlobalSection(ProjectConfigurationPlatforms) = postSolution
		{581EB83C-FFFD-4AD8-874B-7E96858F6F65}.Debug|Any CPU.ActiveCfg = Debug|x86
		{581EB83C-FFFD-4AD8-874B-7E96858F6F65}.Debug|x86.ActiveCfg = Debug|x86
		{581EB83C-FFFD-4AD8-874B-7E96858F6F65}.Debug|x86.Build.0 = Debug|x86
		{581EB83C-FFFD-4AD8-874B-7E96858F6F65}.Release|Any CPU.ActiveCfg = Release|x86
		{581EB83C-FFFD-4AD8-874B-7E96858F6F65}.Release|x86.ActiveCfg = Release|x86
		{581EB83C-FFFD-4AD8-874B-7E96858F6F65}.Release|x86.Build.0 = Release|x86
		{5CFB632E-5E0A-4BCB-A023-FCF437E7F5DA}.Debug|Any CPU.ActiveCfg = Debug|Any CPU
		{5CFB632E-5E0A-4BCB-A023-FCF437E7F5DA}.Debug|Any CPU.Build.0 = Debug|Any CPU
		{5CFB632E-5E0A-4BCB-A023-FCF437E7F5DA}.Debug|x86.ActiveCfg = Debug|Any CPU
		{5CFB632E-5E0A-4BCB-A023-FCF437E7F5DA}.Debug|x86.Build.0 = Debug|Any CPU
		{5CFB632E-5E0A-4BCB-A023-FCF437E7F5DA}.Release|Any CPU.ActiveCfg = Release|Any CPU
		{5CFB632E-5E0A-4BCB-A023-FCF437E7F5DA}.Release|Any CPU.Build.0 = Release|Any CPU
		{5CFB632E-5E0A-4BCB-A023-FCF437E7F5DA}.Release|x86.ActiveCfg = Release|Any CPU
		{5CFB632E-5E0A-4BCB-A023-FCF437E7F5DA}.Release|x86.Build.0 = Release|Any CPU
		{2F111836-6D20-4C99-956B-44E992545C8C}.Debug|Any CPU.ActiveCfg = Debug|Any CPU
		{2F111836-6D20-4C99-956B-44E992545C8C}.Debug|Any CPU.Build.0 = Debug|Any CPU
		{2F111836-6D20-4C99-956B-44E992545C8C}.Debug|x86.ActiveCfg = Debug|Any CPU
		{2F111836-6D20-4C99-956B-44E992545C8C}.Debug|x86.Build.0 = Debug|Any CPU
		{2F111836-6D20-4C99-956B-44E992545C8C}.Release|Any CPU.ActiveCfg = Release|Any CPU
		{2F111836-6D20-4C99-956B-44E992545C8C}.Release|Any CPU.Build.0 = Release|Any CPU
		{2F111836-6D20-4C99-956B-44E992545C8C}.Release|x86.ActiveCfg = Release|Any CPU
		{2F111836-6D20-4C99-956B-44E992545C8C}.Release|x86.Build.0 = Release|Any CPU
	EndGlobalSection
	GlobalSection(SolutionProperties) = preSolution
		HideSolutionNode = FALSE
	EndGlobalSection
EndGlobal
